
Microsoft Visual Studio Solution File, Format Version 12.00
# Visual Studio Version 16
VisualStudioVersion = 16.0.30907.101
MinimumVisualStudioVersion = 10.0.40219.1
Project("{8BC9CEB8-8B4A-11D0-8D11-00A0C91BC942}") = "cudaDeviceProp", "cudaDeviceProp\cudaDeviceProp.vcxproj", "{349D3A30-D027-4BEB-A3F3-0EE8BFB4E2A3}"
EndProject
Project("{8BC9CEB8-8B4A-11D0-8D11-00A0C91BC942}") = "cudaAddWithLarge", "cudaAddWithLarge\cudaAddWithLarge.vcxproj", "{ABA41D17-E371-45ED-BF84-0785B2C8D01C}"
EndProject
Project("{8BC9CEB8-8B4A-11D0-8D11-00A0C91BC942}") = "cudaDotProduct", "cudaDotProduct\cudaDotProduct.vcxproj", "{51CF3A37-72F0-499F-B509-38CD42F4BBDA}"
EndProject
Project("{8BC9CEB8-8B4A-11D0-8D11-00A0C91BC942}") = "cudaConstMem", "cudaConstMem\cudaConstMem.vcxproj", "{674126AA-A5C1-4C0E-8293-85B8BE7950FC}"
EndProject
Project("{8BC9CEB8-8B4A-11D0-8D11-00A0C91BC942}") = "cudaTextureMem", "cudaTextureMem\cudaTextureMem.vcxproj", "{510D6DBF-6677-481D-9858-4E99F55116E1}"
EndProject
Global
	GlobalSection(SolutionConfigurationPlatforms) = preSolution
		Debug|x64 = Debug|x64
		Release|x64 = Release|x64
	EndGlobalSection
	GlobalSection(ProjectConfigurationPlatforms) = postSolution
		{349D3A30-D027-4BEB-A3F3-0EE8BFB4E2A3}.Debug|x64.ActiveCfg = Debug|x64
		{349D3A30-D027-4BEB-A3F3-0EE8BFB4E2A3}.Debug|x64.Build.0 = Debug|x64
		{349D3A30-D027-4BEB-A3F3-0EE8BFB4E2A3}.Release|x64.ActiveCfg = Release|x64
		{349D3A30-D027-4BEB-A3F3-0EE8BFB4E2A3}.Release|x64.Build.0 = Release|x64
		{ABA41D17-E371-45ED-BF84-0785B2C8D01C}.Debug|x64.ActiveCfg = Debug|x64
		{ABA41D17-E371-45ED-BF84-0785B2C8D01C}.Debug|x64.Build.0 = Debug|x64
		{ABA41D17-E371-45ED-BF84-0785B2C8D01C}.Release|x64.ActiveCfg = Release|x64
		{ABA41D17-E371-45ED-BF84-0785B2C8D01C}.Release|x64.Build.0 = Release|x64
		{51CF3A37-72F0-499F-B509-38CD42F4BBDA}.Debug|x64.ActiveCfg = Debug|x64
		{51CF3A37-72F0-499F-B509-38CD42F4BBDA}.Debug|x64.Build.0 = Debug|x64
		{51CF3A37-72F0-499F-B509-38CD42F4BBDA}.Release|x64.ActiveCfg = Release|x64
		{51CF3A37-72F0-499F-B509-38CD42F4BBDA}.Release|x64.Build.0 = Release|x64
		{674126AA-A5C1-4C0E-8293-85B8BE7950FC}.Debug|x64.ActiveCfg = Debug|x64
		{674126AA-A5C1-4C0E-8293-85B8BE7950FC}.Debug|x64.Build.0 = Debug|x64
		{674126AA-A5C1-4C0E-8293-85B8BE7950FC}.Release|x64.ActiveCfg = Release|x64
		{674126AA-A5C1-4C0E-8293-85B8BE7950FC}.Release|x64.Build.0 = Release|x64
		{510D6DBF-6677-481D-9858-4E99F55116E1}.Debug|x64.ActiveCfg = Debug|x64
		{510D6DBF-6677-481D-9858-4E99F55116E1}.Debug|x64.Build.0 = Debug|x64
		{510D6DBF-6677-481D-9858-4E99F55116E1}.Release|x64.ActiveCfg = Release|x64
		{510D6DBF-6677-481D-9858-4E99F55116E1}.Release|x64.Build.0 = Release|x64
	EndGlobalSection
	GlobalSection(SolutionProperties) = preSolution
		HideSolutionNode = FALSE
	EndGlobalSection
	GlobalSection(ExtensibilityGlobals) = postSolution
		SolutionGuid = {62280A32-D937-49FC-84DB-74A8F95396DE}
	EndGlobalSection
EndGlobal
